
Microsoft Visual Studio Solution File, Format Version 12.00
# Visual Studio Version 17
VisualStudioVersion = 17.14.36401.2 d17.14
MinimumVisualStudioVersion = 10.0.40219.1
Project("{FAE04EC0-301F-11D3-BF4B-00C04F79EFBC}") = "Tutorial_2_4", "Tutorial_2_4\Tutorial_2_4.csproj", "{EA4EDF2D-E6DE-4991-B392-14C906EDB4D6}"
EndProject
Global
	GlobalSection(SolutionConfigurationPlatforms) = preSolution
		Debug|Any CPU = Debug|Any CPU
		Release|Any CPU = Release|Any CPU
	EndGlobalSection
	GlobalSection(ProjectConfigurationPlatforms) = postSolution
		{EA4EDF2D-E6DE-4991-B392-14C906EDB4D6}.Debug|Any CPU.ActiveCfg = Debug|Any CPU
		{EA4EDF2D-E6DE-4991-B392-14C906EDB4D6}.Debug|Any CPU.Build.0 = Debug|Any CPU
		{EA4EDF2D-E6DE-4991-B392-14C906EDB4D6}.Release|Any CPU.ActiveCfg = Release|Any CPU
		{EA4EDF2D-E6DE-4991-B392-14C906EDB4D6}.Release|Any CPU.Build.0 = Release|Any CPU
	EndGlobalSection
	GlobalSection(SolutionProperties) = preSolution
		HideSolutionNode = FALSE
	EndGlobalSection
	GlobalSection(ExtensibilityGlobals) = postSolution
		SolutionGuid = {32CAB796-91C6-4C91-96E4-C12C3FE752F1}
	EndGlobalSection
EndGlobal
