
Microsoft Visual Studio Solution File, Format Version 12.00
# Visual Studio Version 17
VisualStudioVersion = 17.14.36401.2 d17.14
MinimumVisualStudioVersion = 10.0.40219.1
Project("{FAE04EC0-301F-11D3-BF4B-00C04F79EFBC}") = "ConsoleApp1_0924", "ConsoleApp1_0924\ConsoleApp1_0924.csproj", "{CE73B0E8-07A2-4F4A-AF1D-79C8A1B87692}"
EndProject
Global
	GlobalSection(SolutionConfigurationPlatforms) = preSolution
		Debug|Any CPU = Debug|Any CPU
		Release|Any CPU = Release|Any CPU
	EndGlobalSection
	GlobalSection(ProjectConfigurationPlatforms) = postSolution
		{CE73B0E8-07A2-4F4A-AF1D-79C8A1B87692}.Debug|Any CPU.ActiveCfg = Debug|Any CPU
		{CE73B0E8-07A2-4F4A-AF1D-79C8A1B87692}.Debug|Any CPU.Build.0 = Debug|Any CPU
		{CE73B0E8-07A2-4F4A-AF1D-79C8A1B87692}.Release|Any CPU.ActiveCfg = Release|Any CPU
		{CE73B0E8-07A2-4F4A-AF1D-79C8A1B87692}.Release|Any CPU.Build.0 = Release|Any CPU
	EndGlobalSection
	GlobalSection(SolutionProperties) = preSolution
		HideSolutionNode = FALSE
	EndGlobalSection
	GlobalSection(ExtensibilityGlobals) = postSolution
		SolutionGuid = {BBBCB86D-FF8C-49FB-A775-260DA0BD1BD5}
	EndGlobalSection
EndGlobal
