
Microsoft Visual Studio Solution File, Format Version 12.00
# Visual Studio Version 17
VisualStudioVersion = 17.14.36401.2 d17.14
MinimumVisualStudioVersion = 10.0.40219.1
Project("{FAE04EC0-301F-11D3-BF4B-00C04F79EFBC}") = "WindowsFormsApp2", "WindowsFormsApp2\WindowsFormsApp2.csproj", "{F444F9AB-6B21-4B60-BF39-3E926C054E5D}"
EndProject
Global
	GlobalSection(SolutionConfigurationPlatforms) = preSolution
		Debug|Any CPU = Debug|Any CPU
		Release|Any CPU = Release|Any CPU
	EndGlobalSection
	GlobalSection(ProjectConfigurationPlatforms) = postSolution
		{F444F9AB-6B21-4B60-BF39-3E926C054E5D}.Debug|Any CPU.ActiveCfg = Debug|Any CPU
		{F444F9AB-6B21-4B60-BF39-3E926C054E5D}.Debug|Any CPU.Build.0 = Debug|Any CPU
		{F444F9AB-6B21-4B60-BF39-3E926C054E5D}.Release|Any CPU.ActiveCfg = Release|Any CPU
		{F444F9AB-6B21-4B60-BF39-3E926C054E5D}.Release|Any CPU.Build.0 = Release|Any CPU
	EndGlobalSection
	GlobalSection(SolutionProperties) = preSolution
		HideSolutionNode = FALSE
	EndGlobalSection
	GlobalSection(ExtensibilityGlobals) = postSolution
		SolutionGuid = {F1A49C5A-6BB0-4530-B58E-6B524E7D1255}
	EndGlobalSection
EndGlobal
