
Microsoft Visual Studio Solution File, Format Version 12.00
# Visual Studio Version 17
VisualStudioVersion = 17.14.36401.2 d17.14
MinimumVisualStudioVersion = 10.0.40219.1
Project("{FAE04EC0-301F-11D3-BF4B-00C04F79EFBC}") = "WindowsFormsApp1_0924", "WindowsFormsApp1_0924\WindowsFormsApp1_0924.csproj", "{7B3421D9-2FEB-4A5C-BA80-F362B48BF11A}"
EndProject
Global
	GlobalSection(SolutionConfigurationPlatforms) = preSolution
		Debug|Any CPU = Debug|Any CPU
		Release|Any CPU = Release|Any CPU
	EndGlobalSection
	GlobalSection(ProjectConfigurationPlatforms) = postSolution
		{7B3421D9-2FEB-4A5C-BA80-F362B48BF11A}.Debug|Any CPU.ActiveCfg = Debug|Any CPU
		{7B3421D9-2FEB-4A5C-BA80-F362B48BF11A}.Debug|Any CPU.Build.0 = Debug|Any CPU
		{7B3421D9-2FEB-4A5C-BA80-F362B48BF11A}.Release|Any CPU.ActiveCfg = Release|Any CPU
		{7B3421D9-2FEB-4A5C-BA80-F362B48BF11A}.Release|Any CPU.Build.0 = Release|Any CPU
	EndGlobalSection
	GlobalSection(SolutionProperties) = preSolution
		HideSolutionNode = FALSE
	EndGlobalSection
	GlobalSection(ExtensibilityGlobals) = postSolution
		SolutionGuid = {5EC1E346-71FA-4C2F-B603-1F17E53B5C7C}
	EndGlobalSection
EndGlobal
